// !$*UTF8*$!
{
	archiveVersion = 1;
	classes = {
	};
	objectVersion = 56;
	objects = {

/* Begin PBXBuildFile section */
		4642F37C21F8B240ECC7533A /* Pods_spotify_sub.framework in Frameworks */ = {isa = PBXBuildFile; fileRef = 28F7C4E27644633744557F83 /* Pods_spotify_sub.framework */; };
		BF158D4B2C703DA00051A00B /* NewReleaseCollectionViewCell.swift in Sources */ = {isa = PBXBuildFile; fileRef = BF158D4A2C703DA00051A00B /* NewReleaseCollectionViewCell.swift */; };
		BF158D4D2C703DC80051A00B /* FeaturedPlaylistsCollectionViewCell.swift in Sources */ = {isa = PBXBuildFile; fileRef = BF158D4C2C703DC80051A00B /* FeaturedPlaylistsCollectionViewCell.swift */; };
		BF158D4F2C703DE30051A00B /* RecommendedTrackCollectionViewCell.swift in Sources */ = {isa = PBXBuildFile; fileRef = BF158D4E2C703DE30051A00B /* RecommendedTrackCollectionViewCell.swift */; };
		BF158D512C7181B30051A00B /* NewReleasesCellViewModel.swift in Sources */ = {isa = PBXBuildFile; fileRef = BF158D502C7181B30051A00B /* NewReleasesCellViewModel.swift */; };
		BF4FCA402C6B0E9C008BBD1E /* NewReleasesResponse.swift in Sources */ = {isa = PBXBuildFile; fileRef = BF4FCA3F2C6B0E9C008BBD1E /* NewReleasesResponse.swift */; };
		BF4FCA422C6B0F24008BBD1E /* APIImage.swift in Sources */ = {isa = PBXBuildFile; fileRef = BF4FCA412C6B0F24008BBD1E /* APIImage.swift */; };
		BF4FCA442C6B10FE008BBD1E /* FeaturedPlaylistsResponse.swift in Sources */ = {isa = PBXBuildFile; fileRef = BF4FCA432C6B10FE008BBD1E /* FeaturedPlaylistsResponse.swift */; };
		BF4FCA462C6B14A9008BBD1E /* RecommendedGenresResponse.swift in Sources */ = {isa = PBXBuildFile; fileRef = BF4FCA452C6B14A9008BBD1E /* RecommendedGenresResponse.swift */; };
		BF4FCA482C6B17DD008BBD1E /* RecommendationsResponse.swift in Sources */ = {isa = PBXBuildFile; fileRef = BF4FCA472C6B17DD008BBD1E /* RecommendationsResponse.swift */; };
		BF9578B32C69A5EC0090CA8A /* SettingModules.swift in Sources */ = {isa = PBXBuildFile; fileRef = BF9578B22C69A5EC0090CA8A /* SettingModules.swift */; };
		BFFA24702C67CDE9007F919E /* AppDelegate.swift in Sources */ = {isa = PBXBuildFile; fileRef = BFFA246F2C67CDE9007F919E /* AppDelegate.swift */; };
		BFFA24722C67CDE9007F919E /* SceneDelegate.swift in Sources */ = {isa = PBXBuildFile; fileRef = BFFA24712C67CDE9007F919E /* SceneDelegate.swift */; };
		BFFA24742C67CDE9007F919E /* HomeViewController.swift in Sources */ = {isa = PBXBuildFile; fileRef = BFFA24732C67CDE9007F919E /* HomeViewController.swift */; };
		BFFA24792C67CDEA007F919E /* Assets.xcassets in Resources */ = {isa = PBXBuildFile; fileRef = BFFA24782C67CDEA007F919E /* Assets.xcassets */; };
		BFFA247C2C67CDEA007F919E /* Base in Resources */ = {isa = PBXBuildFile; fileRef = BFFA247B2C67CDEA007F919E /* Base */; };
		BFFA248C2C67D634007F919E /* TabBarViewController.swift in Sources */ = {isa = PBXBuildFile; fileRef = BFFA248B2C67D634007F919E /* TabBarViewController.swift */; };
		BFFA248F2C67D64D007F919E /* SearchViewController.swift in Sources */ = {isa = PBXBuildFile; fileRef = BFFA248E2C67D64D007F919E /* SearchViewController.swift */; };
		BFFA24912C67D656007F919E /* LibraryViewController.swift in Sources */ = {isa = PBXBuildFile; fileRef = BFFA24902C67D656007F919E /* LibraryViewController.swift */; };
		BFFA24952C67D693007F919E /* AuthViewController.swift in Sources */ = {isa = PBXBuildFile; fileRef = BFFA24942C67D693007F919E /* AuthViewController.swift */; };
		BFFA24972C67D6A0007F919E /* WelcomeViewController.swift in Sources */ = {isa = PBXBuildFile; fileRef = BFFA24962C67D6A0007F919E /* WelcomeViewController.swift */; };
		BFFA24992C67D6AB007F919E /* SettingsViewController.swift in Sources */ = {isa = PBXBuildFile; fileRef = BFFA24982C67D6AB007F919E /* SettingsViewController.swift */; };
		BFFA249B2C67D6B4007F919E /* ProfileViewController.swift in Sources */ = {isa = PBXBuildFile; fileRef = BFFA249A2C67D6B4007F919E /* ProfileViewController.swift */; };
		BFFA249D2C67D6C6007F919E /* PlayerViewController.swift in Sources */ = {isa = PBXBuildFile; fileRef = BFFA249C2C67D6C6007F919E /* PlayerViewController.swift */; };
		BFFA249F2C67D6CE007F919E /* PlaylistViewController.swift in Sources */ = {isa = PBXBuildFile; fileRef = BFFA249E2C67D6CE007F919E /* PlaylistViewController.swift */; };
		BFFA24A12C67D6FB007F919E /* SearchResultsViewController.swift in Sources */ = {isa = PBXBuildFile; fileRef = BFFA24A02C67D6FB007F919E /* SearchResultsViewController.swift */; };
		BFFA24A32C67D71D007F919E /* AuthManager.swift in Sources */ = {isa = PBXBuildFile; fileRef = BFFA24A22C67D71D007F919E /* AuthManager.swift */; };
		BFFA24A52C67D736007F919E /* APICaller.swift in Sources */ = {isa = PBXBuildFile; fileRef = BFFA24A42C67D736007F919E /* APICaller.swift */; };
		BFFA24A72C67D740007F919E /* HapticsManager.swift in Sources */ = {isa = PBXBuildFile; fileRef = BFFA24A62C67D740007F919E /* HapticsManager.swift */; };
		BFFA24A92C67D75D007F919E /* Playlist.swift in Sources */ = {isa = PBXBuildFile; fileRef = BFFA24A82C67D75D007F919E /* Playlist.swift */; };
		BFFA24AB2C67D766007F919E /* AudioTrack.swift in Sources */ = {isa = PBXBuildFile; fileRef = BFFA24AA2C67D766007F919E /* AudioTrack.swift */; };
		BFFA24AD2C67D76E007F919E /* Artist.swift in Sources */ = {isa = PBXBuildFile; fileRef = BFFA24AC2C67D76E007F919E /* Artist.swift */; };
		BFFA24AF2C67D777007F919E /* UserProfile.swift in Sources */ = {isa = PBXBuildFile; fileRef = BFFA24AE2C67D777007F919E /* UserProfile.swift */; };
		BFFA24B12C67E082007F919E /* Extensions.swift in Sources */ = {isa = PBXBuildFile; fileRef = BFFA24B02C67E082007F919E /* Extensions.swift */; };
		BFFA24B32C6839FE007F919E /* AuthResponse.swift in Sources */ = {isa = PBXBuildFile; fileRef = BFFA24B22C6839FE007F919E /* AuthResponse.swift */; };
/* End PBXBuildFile section */

/* Begin PBXFileReference section */
		28F7C4E27644633744557F83 /* Pods_spotify_sub.framework */ = {isa = PBXFileReference; explicitFileType = wrapper.framework; includeInIndex = 0; path = Pods_spotify_sub.framework; sourceTree = BUILT_PRODUCTS_DIR; };
		2DEA2A5BAFB8C47995E9B006 /* Pods-spotify-sub.release.xcconfig */ = {isa = PBXFileReference; includeInIndex = 1; lastKnownFileType = text.xcconfig; name = "Pods-spotify-sub.release.xcconfig"; path = "Target Support Files/Pods-spotify-sub/Pods-spotify-sub.release.xcconfig"; sourceTree = "<group>"; };
		4E578378617E4F4887D68569 /* Pods-spotify-sub.debug.xcconfig */ = {isa = PBXFileReference; includeInIndex = 1; lastKnownFileType = text.xcconfig; name = "Pods-spotify-sub.debug.xcconfig"; path = "Target Support Files/Pods-spotify-sub/Pods-spotify-sub.debug.xcconfig"; sourceTree = "<group>"; };
		BF158D4A2C703DA00051A00B /* NewReleaseCollectionViewCell.swift */ = {isa = PBXFileReference; lastKnownFileType = sourcecode.swift; path = NewReleaseCollectionViewCell.swift; sourceTree = "<group>"; };
		BF158D4C2C703DC80051A00B /* FeaturedPlaylistsCollectionViewCell.swift */ = {isa = PBXFileReference; lastKnownFileType = sourcecode.swift; path = FeaturedPlaylistsCollectionViewCell.swift; sourceTree = "<group>"; };
		BF158D4E2C703DE30051A00B /* RecommendedTrackCollectionViewCell.swift */ = {isa = PBXFileReference; lastKnownFileType = sourcecode.swift; path = RecommendedTrackCollectionViewCell.swift; sourceTree = "<group>"; };
		BF158D502C7181B30051A00B /* NewReleasesCellViewModel.swift */ = {isa = PBXFileReference; lastKnownFileType = sourcecode.swift; path = NewReleasesCellViewModel.swift; sourceTree = "<group>"; };
		BF4FCA3F2C6B0E9C008BBD1E /* NewReleasesResponse.swift */ = {isa = PBXFileReference; lastKnownFileType = sourcecode.swift; path = NewReleasesResponse.swift; sourceTree = "<group>"; };
		BF4FCA412C6B0F24008BBD1E /* APIImage.swift */ = {isa = PBXFileReference; lastKnownFileType = sourcecode.swift; path = APIImage.swift; sourceTree = "<group>"; };
		BF4FCA432C6B10FE008BBD1E /* FeaturedPlaylistsResponse.swift */ = {isa = PBXFileReference; lastKnownFileType = sourcecode.swift; path = FeaturedPlaylistsResponse.swift; sourceTree = "<group>"; };
		BF4FCA452C6B14A9008BBD1E /* RecommendedGenresResponse.swift */ = {isa = PBXFileReference; lastKnownFileType = sourcecode.swift; path = RecommendedGenresResponse.swift; sourceTree = "<group>"; };
		BF4FCA472C6B17DD008BBD1E /* RecommendationsResponse.swift */ = {isa = PBXFileReference; lastKnownFileType = sourcecode.swift; path = RecommendationsResponse.swift; sourceTree = "<group>"; };
		BF9578B22C69A5EC0090CA8A /* SettingModules.swift */ = {isa = PBXFileReference; lastKnownFileType = sourcecode.swift; path = SettingModules.swift; sourceTree = "<group>"; };
		BFFA246C2C67CDE9007F919E /* spotify-sub.app */ = {isa = PBXFileReference; explicitFileType = wrapper.application; includeInIndex = 0; path = "spotify-sub.app"; sourceTree = BUILT_PRODUCTS_DIR; };
		BFFA246F2C67CDE9007F919E /* AppDelegate.swift */ = {isa = PBXFileReference; lastKnownFileType = sourcecode.swift; path = AppDelegate.swift; sourceTree = "<group>"; };
		BFFA24712C67CDE9007F919E /* SceneDelegate.swift */ = {isa = PBXFileReference; lastKnownFileType = sourcecode.swift; path = SceneDelegate.swift; sourceTree = "<group>"; };
		BFFA24732C67CDE9007F919E /* HomeViewController.swift */ = {isa = PBXFileReference; lastKnownFileType = sourcecode.swift; path = HomeViewController.swift; sourceTree = "<group>"; };
		BFFA24782C67CDEA007F919E /* Assets.xcassets */ = {isa = PBXFileReference; lastKnownFileType = folder.assetcatalog; path = Assets.xcassets; sourceTree = "<group>"; };
		BFFA247B2C67CDEA007F919E /* Base */ = {isa = PBXFileReference; lastKnownFileType = file.storyboard; name = Base; path = Base.lproj/LaunchScreen.storyboard; sourceTree = "<group>"; };
		BFFA247D2C67CDEA007F919E /* Info.plist */ = {isa = PBXFileReference; lastKnownFileType = text.plist.xml; path = Info.plist; sourceTree = "<group>"; };
		BFFA248B2C67D634007F919E /* TabBarViewController.swift */ = {isa = PBXFileReference; lastKnownFileType = sourcecode.swift; path = TabBarViewController.swift; sourceTree = "<group>"; };
		BFFA248E2C67D64D007F919E /* SearchViewController.swift */ = {isa = PBXFileReference; lastKnownFileType = sourcecode.swift; path = SearchViewController.swift; sourceTree = "<group>"; };
		BFFA24902C67D656007F919E /* LibraryViewController.swift */ = {isa = PBXFileReference; lastKnownFileType = sourcecode.swift; path = LibraryViewController.swift; sourceTree = "<group>"; };
		BFFA24942C67D693007F919E /* AuthViewController.swift */ = {isa = PBXFileReference; lastKnownFileType = sourcecode.swift; path = AuthViewController.swift; sourceTree = "<group>"; };
		BFFA24962C67D6A0007F919E /* WelcomeViewController.swift */ = {isa = PBXFileReference; lastKnownFileType = sourcecode.swift; path = WelcomeViewController.swift; sourceTree = "<group>"; };
		BFFA24982C67D6AB007F919E /* SettingsViewController.swift */ = {isa = PBXFileReference; lastKnownFileType = sourcecode.swift; path = SettingsViewController.swift; sourceTree = "<group>"; };
		BFFA249A2C67D6B4007F919E /* ProfileViewController.swift */ = {isa = PBXFileReference; lastKnownFileType = sourcecode.swift; path = ProfileViewController.swift; sourceTree = "<group>"; };
		BFFA249C2C67D6C6007F919E /* PlayerViewController.swift */ = {isa = PBXFileReference; lastKnownFileType = sourcecode.swift; path = PlayerViewController.swift; sourceTree = "<group>"; };
		BFFA249E2C67D6CE007F919E /* PlaylistViewController.swift */ = {isa = PBXFileReference; lastKnownFileType = sourcecode.swift; path = PlaylistViewController.swift; sourceTree = "<group>"; };
		BFFA24A02C67D6FB007F919E /* SearchResultsViewController.swift */ = {isa = PBXFileReference; lastKnownFileType = sourcecode.swift; path = SearchResultsViewController.swift; sourceTree = "<group>"; };
		BFFA24A22C67D71D007F919E /* AuthManager.swift */ = {isa = PBXFileReference; lastKnownFileType = sourcecode.swift; path = AuthManager.swift; sourceTree = "<group>"; };
		BFFA24A42C67D736007F919E /* APICaller.swift */ = {isa = PBXFileReference; lastKnownFileType = sourcecode.swift; path = APICaller.swift; sourceTree = "<group>"; };
		BFFA24A62C67D740007F919E /* HapticsManager.swift */ = {isa = PBXFileReference; lastKnownFileType = sourcecode.swift; path = HapticsManager.swift; sourceTree = "<group>"; };
		BFFA24A82C67D75D007F919E /* Playlist.swift */ = {isa = PBXFileReference; lastKnownFileType = sourcecode.swift; path = Playlist.swift; sourceTree = "<group>"; };
		BFFA24AA2C67D766007F919E /* AudioTrack.swift */ = {isa = PBXFileReference; lastKnownFileType = sourcecode.swift; path = AudioTrack.swift; sourceTree = "<group>"; };
		BFFA24AC2C67D76E007F919E /* Artist.swift */ = {isa = PBXFileReference; lastKnownFileType = sourcecode.swift; path = Artist.swift; sourceTree = "<group>"; };
		BFFA24AE2C67D777007F919E /* UserProfile.swift */ = {isa = PBXFileReference; lastKnownFileType = sourcecode.swift; path = UserProfile.swift; sourceTree = "<group>"; };
		BFFA24B02C67E082007F919E /* Extensions.swift */ = {isa = PBXFileReference; lastKnownFileType = sourcecode.swift; path = Extensions.swift; sourceTree = "<group>"; };
		BFFA24B22C6839FE007F919E /* AuthResponse.swift */ = {isa = PBXFileReference; lastKnownFileType = sourcecode.swift; path = AuthResponse.swift; sourceTree = "<group>"; };
/* End PBXFileReference section */

/* Begin PBXFrameworksBuildPhase section */
		BFFA24692C67CDE9007F919E /* Frameworks */ = {
			isa = PBXFrameworksBuildPhase;
			buildActionMask = 2147483647;
			files = (
				4642F37C21F8B240ECC7533A /* Pods_spotify_sub.framework in Frameworks */,
			);
			runOnlyForDeploymentPostprocessing = 0;
		};
/* End PBXFrameworksBuildPhase section */

/* Begin PBXGroup section */
		348E8DA8AA453B9A7AE583D1 /* Pods */ = {
			isa = PBXGroup;
			children = (
				4E578378617E4F4887D68569 /* Pods-spotify-sub.debug.xcconfig */,
				2DEA2A5BAFB8C47995E9B006 /* Pods-spotify-sub.release.xcconfig */,
			);
			path = Pods;
			sourceTree = "<group>";
		};
		BF158D492C703D750051A00B /* Browse */ = {
			isa = PBXGroup;
			children = (
				BF158D4A2C703DA00051A00B /* NewReleaseCollectionViewCell.swift */,
				BF158D4C2C703DC80051A00B /* FeaturedPlaylistsCollectionViewCell.swift */,
				BF158D4E2C703DE30051A00B /* RecommendedTrackCollectionViewCell.swift */,
			);
			path = Browse;
			sourceTree = "<group>";
		};
		BFFA24632C67CDE9007F919E = {
			isa = PBXGroup;
			children = (
				BFFA246E2C67CDE9007F919E /* spotify-sub */,
				BFFA246D2C67CDE9007F919E /* Products */,
				348E8DA8AA453B9A7AE583D1 /* Pods */,
				EDD4D5FE094AE7AA1EE6B6F1 /* Frameworks */,
			);
			sourceTree = "<group>";
		};
		BFFA246D2C67CDE9007F919E /* Products */ = {
			isa = PBXGroup;
			children = (
				BFFA246C2C67CDE9007F919E /* spotify-sub.app */,
			);
			name = Products;
			sourceTree = "<group>";
		};
		BFFA246E2C67CDE9007F919E /* spotify-sub */ = {
			isa = PBXGroup;
			children = (
				BFFA24882C67CE1C007F919E /* Resources */,
				BFFA24872C67CE16007F919E /* Manager */,
				BFFA24862C67CE0E007F919E /* ViewModels */,
				BFFA24852C67CE08007F919E /* Models */,
				BFFA24842C67CE01007F919E /* Views */,
				BFFA24832C67CDFA007F919E /* Controllers */,
				BFFA247D2C67CDEA007F919E /* Info.plist */,
			);
			path = "spotify-sub";
			sourceTree = "<group>";
		};
		BFFA24832C67CDFA007F919E /* Controllers */ = {
			isa = PBXGroup;
			children = (
				BFFA24932C67D688007F919E /* Other */,
				BFFA24922C67D66F007F919E /* Core */,
			);
			path = Controllers;
			sourceTree = "<group>";
		};
		BFFA24842C67CE01007F919E /* Views */ = {
			isa = PBXGroup;
			children = (
				BF158D492C703D750051A00B /* Browse */,
				BFFA247A2C67CDEA007F919E /* LaunchScreen.storyboard */,
			);
			path = Views;
			sourceTree = "<group>";
		};
		BFFA24852C67CE08007F919E /* Models */ = {
			isa = PBXGroup;
			children = (
				BFFA24A82C67D75D007F919E /* Playlist.swift */,
				BFFA24AA2C67D766007F919E /* AudioTrack.swift */,
				BFFA24AC2C67D76E007F919E /* Artist.swift */,
				BFFA24AE2C67D777007F919E /* UserProfile.swift */,
				BFFA24B22C6839FE007F919E /* AuthResponse.swift */,
				BF9578B22C69A5EC0090CA8A /* SettingModules.swift */,
				BF4FCA3F2C6B0E9C008BBD1E /* NewReleasesResponse.swift */,
				BF4FCA412C6B0F24008BBD1E /* APIImage.swift */,
				BF4FCA432C6B10FE008BBD1E /* FeaturedPlaylistsResponse.swift */,
				BF4FCA452C6B14A9008BBD1E /* RecommendedGenresResponse.swift */,
				BF4FCA472C6B17DD008BBD1E /* RecommendationsResponse.swift */,
			);
			path = Models;
			sourceTree = "<group>";
		};
		BFFA24862C67CE0E007F919E /* ViewModels */ = {
			isa = PBXGroup;
			children = (
				BF158D502C7181B30051A00B /* NewReleasesCellViewModel.swift */,
			);
			path = ViewModels;
			sourceTree = "<group>";
		};
		BFFA24872C67CE16007F919E /* Manager */ = {
			isa = PBXGroup;
			children = (
				BFFA24A22C67D71D007F919E /* AuthManager.swift */,
				BFFA24A42C67D736007F919E /* APICaller.swift */,
				BFFA24A62C67D740007F919E /* HapticsManager.swift */,
			);
			path = Manager;
			sourceTree = "<group>";
		};
		BFFA24882C67CE1C007F919E /* Resources */ = {
			isa = PBXGroup;
			children = (
				BFFA246F2C67CDE9007F919E /* AppDelegate.swift */,
				BFFA24712C67CDE9007F919E /* SceneDelegate.swift */,
				BFFA24782C67CDEA007F919E /* Assets.xcassets */,
				BFFA24B02C67E082007F919E /* Extensions.swift */,
			);
			path = Resources;
			sourceTree = "<group>";
		};
		BFFA24922C67D66F007F919E /* Core */ = {
			isa = PBXGroup;
			children = (
				BFFA248B2C67D634007F919E /* TabBarViewController.swift */,
				BFFA24732C67CDE9007F919E /* HomeViewController.swift */,
				BFFA24902C67D656007F919E /* LibraryViewController.swift */,
				BFFA248E2C67D64D007F919E /* SearchViewController.swift */,
			);
			path = Core;
			sourceTree = "<group>";
		};
		BFFA24932C67D688007F919E /* Other */ = {
			isa = PBXGroup;
			children = (
				BFFA24942C67D693007F919E /* AuthViewController.swift */,
				BFFA24962C67D6A0007F919E /* WelcomeViewController.swift */,
				BFFA24982C67D6AB007F919E /* SettingsViewController.swift */,
				BFFA249A2C67D6B4007F919E /* ProfileViewController.swift */,
				BFFA249C2C67D6C6007F919E /* PlayerViewController.swift */,
				BFFA249E2C67D6CE007F919E /* PlaylistViewController.swift */,
				BFFA24A02C67D6FB007F919E /* SearchResultsViewController.swift */,
			);
			path = Other;
			sourceTree = "<group>";
		};
		EDD4D5FE094AE7AA1EE6B6F1 /* Frameworks */ = {
			isa = PBXGroup;
			children = (
				28F7C4E27644633744557F83 /* Pods_spotify_sub.framework */,
			);
			name = Frameworks;
			sourceTree = "<group>";
		};
/* End PBXGroup section */

/* Begin PBXNativeTarget section */
		BFFA246B2C67CDE9007F919E /* spotify-sub */ = {
			isa = PBXNativeTarget;
			buildConfigurationList = BFFA24802C67CDEA007F919E /* Build configuration list for PBXNativeTarget "spotify-sub" */;
			buildPhases = (
				5A1A79156A1A62957191ACC9 /* [CP] Check Pods Manifest.lock */,
				BFFA24682C67CDE9007F919E /* Sources */,
				BFFA24692C67CDE9007F919E /* Frameworks */,
				BFFA246A2C67CDE9007F919E /* Resources */,
				E1D76A4D0E61B8DE9F379D12 /* [CP] Embed Pods Frameworks */,
			);
			buildRules = (
			);
			dependencies = (
			);
			name = "spotify-sub";
			productName = "spotify-sub";
			productReference = BFFA246C2C67CDE9007F919E /* spotify-sub.app */;
			productType = "com.apple.product-type.application";
		};
/* End PBXNativeTarget section */

/* Begin PBXProject section */
		BFFA24642C67CDE9007F919E /* Project object */ = {
			isa = PBXProject;
			attributes = {
				BuildIndependentTargetsInParallel = 1;
				LastSwiftUpdateCheck = 1540;
				LastUpgradeCheck = 1540;
				TargetAttributes = {
					BFFA246B2C67CDE9007F919E = {
						CreatedOnToolsVersion = 15.4;
					};
				};
			};
			buildConfigurationList = BFFA24672C67CDE9007F919E /* Build configuration list for PBXProject "spotify-sub" */;
			compatibilityVersion = "Xcode 14.0";
			developmentRegion = en;
			hasScannedForEncodings = 0;
			knownRegions = (
				en,
				Base,
			);
			mainGroup = BFFA24632C67CDE9007F919E;
			productRefGroup = BFFA246D2C67CDE9007F919E /* Products */;
			projectDirPath = "";
			projectRoot = "";
			targets = (
				BFFA246B2C67CDE9007F919E /* spotify-sub */,
			);
		};
/* End PBXProject section */

/* Begin PBXResourcesBuildPhase section */
		BFFA246A2C67CDE9007F919E /* Resources */ = {
			isa = PBXResourcesBuildPhase;
			buildActionMask = 2147483647;
			files = (
				BFFA24792C67CDEA007F919E /* Assets.xcassets in Resources */,
				BFFA247C2C67CDEA007F919E /* Base in Resources */,
			);
			runOnlyForDeploymentPostprocessing = 0;
		};
/* End PBXResourcesBuildPhase section */

/* Begin PBXShellScriptBuildPhase section */
		5A1A79156A1A62957191ACC9 /* [CP] Check Pods Manifest.lock */ = {
			isa = PBXShellScriptBuildPhase;
			buildActionMask = 2147483647;
			files = (
			);
			inputFileListPaths = (
			);
			inputPaths = (
				"${PODS_PODFILE_DIR_PATH}/Podfile.lock",
				"${PODS_ROOT}/Manifest.lock",
			);
			name = "[CP] Check Pods Manifest.lock";
			outputFileListPaths = (
			);
			outputPaths = (
				"$(DERIVED_FILE_DIR)/Pods-spotify-sub-checkManifestLockResult.txt",
			);
			runOnlyForDeploymentPostprocessing = 0;
			shellPath = /bin/sh;
			shellScript = "diff \"${PODS_PODFILE_DIR_PATH}/Podfile.lock\" \"${PODS_ROOT}/Manifest.lock\" > /dev/null\nif [ $? != 0 ] ; then\n    # print error to STDERR\n    echo \"error: The sandbox is not in sync with the Podfile.lock. Run 'pod install' or update your CocoaPods installation.\" >&2\n    exit 1\nfi\n# This output is used by Xcode 'outputs' to avoid re-running this script phase.\necho \"SUCCESS\" > \"${SCRIPT_OUTPUT_FILE_0}\"\n";
			showEnvVarsInLog = 0;
		};
		E1D76A4D0E61B8DE9F379D12 /* [CP] Embed Pods Frameworks */ = {
			isa = PBXShellScriptBuildPhase;
			buildActionMask = 2147483647;
			files = (
			);
			inputFileListPaths = (
				"${PODS_ROOT}/Target Support Files/Pods-spotify-sub/Pods-spotify-sub-frameworks-${CONFIGURATION}-input-files.xcfilelist",
			);
			name = "[CP] Embed Pods Frameworks";
			outputFileListPaths = (
				"${PODS_ROOT}/Target Support Files/Pods-spotify-sub/Pods-spotify-sub-frameworks-${CONFIGURATION}-output-files.xcfilelist",
			);
			runOnlyForDeploymentPostprocessing = 0;
			shellPath = /bin/sh;
			shellScript = "\"${PODS_ROOT}/Target Support Files/Pods-spotify-sub/Pods-spotify-sub-frameworks.sh\"\n";
			showEnvVarsInLog = 0;
		};
/* End PBXShellScriptBuildPhase section */

/* Begin PBXSourcesBuildPhase section */
		BFFA24682C67CDE9007F919E /* Sources */ = {
			isa = PBXSourcesBuildPhase;
			buildActionMask = 2147483647;
			files = (
				BFFA248F2C67D64D007F919E /* SearchViewController.swift in Sources */,
				BFFA24A92C67D75D007F919E /* Playlist.swift in Sources */,
				BF158D512C7181B30051A00B /* NewReleasesCellViewModel.swift in Sources */,
				BFFA24A32C67D71D007F919E /* AuthManager.swift in Sources */,
				BFFA24A12C67D6FB007F919E /* SearchResultsViewController.swift in Sources */,
				BFFA24972C67D6A0007F919E /* WelcomeViewController.swift in Sources */,
				BFFA249B2C67D6B4007F919E /* ProfileViewController.swift in Sources */,
				BFFA248C2C67D634007F919E /* TabBarViewController.swift in Sources */,
				BFFA24A72C67D740007F919E /* HapticsManager.swift in Sources */,
				BF158D4F2C703DE30051A00B /* RecommendedTrackCollectionViewCell.swift in Sources */,
				BFFA24B32C6839FE007F919E /* AuthResponse.swift in Sources */,
				BF4FCA402C6B0E9C008BBD1E /* NewReleasesResponse.swift in Sources */,
				BF4FCA422C6B0F24008BBD1E /* APIImage.swift in Sources */,
				BF4FCA482C6B17DD008BBD1E /* RecommendationsResponse.swift in Sources */,
				BFFA24AB2C67D766007F919E /* AudioTrack.swift in Sources */,
				BFFA24742C67CDE9007F919E /* HomeViewController.swift in Sources */,
				BF158D4B2C703DA00051A00B /* NewReleaseCollectionViewCell.swift in Sources */,
				BFFA24952C67D693007F919E /* AuthViewController.swift in Sources */,
				BFFA24702C67CDE9007F919E /* AppDelegate.swift in Sources */,
				BFFA24AF2C67D777007F919E /* UserProfile.swift in Sources */,
				BFFA24B12C67E082007F919E /* Extensions.swift in Sources */,
				BFFA24912C67D656007F919E /* LibraryViewController.swift in Sources */,
				BFFA24AD2C67D76E007F919E /* Artist.swift in Sources */,
				BFFA249F2C67D6CE007F919E /* PlaylistViewController.swift in Sources */,
				BFFA24722C67CDE9007F919E /* SceneDelegate.swift in Sources */,
				BFFA249D2C67D6C6007F919E /* PlayerViewController.swift in Sources */,
				BF158D4D2C703DC80051A00B /* FeaturedPlaylistsCollectionViewCell.swift in Sources */,
				BFFA24A52C67D736007F919E /* APICaller.swift in Sources */,
				BFFA24992C67D6AB007F919E /* SettingsViewController.swift in Sources */,
				BF4FCA442C6B10FE008BBD1E /* FeaturedPlaylistsResponse.swift in Sources */,
				BF9578B32C69A5EC0090CA8A /* SettingModules.swift in Sources */,
				BF4FCA462C6B14A9008BBD1E /* RecommendedGenresResponse.swift in Sources */,
			);
			runOnlyForDeploymentPostprocessing = 0;
		};
/* End PBXSourcesBuildPhase section */

/* Begin PBXVariantGroup section */
		BFFA247A2C67CDEA007F919E /* LaunchScreen.storyboard */ = {
			isa = PBXVariantGroup;
			children = (
				BFFA247B2C67CDEA007F919E /* Base */,
			);
			name = LaunchScreen.storyboard;
			sourceTree = "<group>";
		};
/* End PBXVariantGroup section */

/* Begin XCBuildConfiguration section */
		BFFA247E2C67CDEA007F919E /* Debug */ = {
			isa = XCBuildConfiguration;
			buildSettings = {
				ALWAYS_SEARCH_USER_PATHS = NO;
				ASSETCATALOG_COMPILER_GENERATE_SWIFT_ASSET_SYMBOL_EXTENSIONS = YES;
				CLANG_ANALYZER_NONNULL = YES;
				CLANG_ANALYZER_NUMBER_OBJECT_CONVERSION = YES_AGGRESSIVE;
				CLANG_CXX_LANGUAGE_STANDARD = "gnu++20";
				CLANG_ENABLE_MODULES = YES;
				CLANG_ENABLE_OBJC_ARC = YES;
				CLANG_ENABLE_OBJC_WEAK = YES;
				CLANG_WARN_BLOCK_CAPTURE_AUTORELEASING = YES;
				CLANG_WARN_BOOL_CONVERSION = YES;
				CLANG_WARN_COMMA = YES;
				CLANG_WARN_CONSTANT_CONVERSION = YES;
				CLANG_WARN_DEPRECATED_OBJC_IMPLEMENTATIONS = YES;
				CLANG_WARN_DIRECT_OBJC_ISA_USAGE = YES_ERROR;
				CLANG_WARN_DOCUMENTATION_COMMENTS = YES;
				CLANG_WARN_EMPTY_BODY = YES;
				CLANG_WARN_ENUM_CONVERSION = YES;
				CLANG_WARN_INFINITE_RECURSION = YES;
				CLANG_WARN_INT_CONVERSION = YES;
				CLANG_WARN_NON_LITERAL_NULL_CONVERSION = YES;
				CLANG_WARN_OBJC_IMPLICIT_RETAIN_SELF = YES;
				CLANG_WARN_OBJC_LITERAL_CONVERSION = YES;
				CLANG_WARN_OBJC_ROOT_CLASS = YES_ERROR;
				CLANG_WARN_QUOTED_INCLUDE_IN_FRAMEWORK_HEADER = YES;
				CLANG_WARN_RANGE_LOOP_ANALYSIS = YES;
				CLANG_WARN_STRICT_PROTOTYPES = YES;
				CLANG_WARN_SUSPICIOUS_MOVE = YES;
				CLANG_WARN_UNGUARDED_AVAILABILITY = YES_AGGRESSIVE;
				CLANG_WARN_UNREACHABLE_CODE = YES;
				CLANG_WARN__DUPLICATE_METHOD_MATCH = YES;
				COPY_PHASE_STRIP = NO;
				DEBUG_INFORMATION_FORMAT = dwarf;
				ENABLE_STRICT_OBJC_MSGSEND = YES;
				ENABLE_TESTABILITY = YES;
				ENABLE_USER_SCRIPT_SANDBOXING = YES;
				GCC_C_LANGUAGE_STANDARD = gnu17;
				GCC_DYNAMIC_NO_PIC = NO;
				GCC_NO_COMMON_BLOCKS = YES;
				GCC_OPTIMIZATION_LEVEL = 0;
				GCC_PREPROCESSOR_DEFINITIONS = (
					"DEBUG=1",
					"$(inherited)",
				);
				GCC_WARN_64_TO_32_BIT_CONVERSION = YES;
				GCC_WARN_ABOUT_RETURN_TYPE = YES_ERROR;
				GCC_WARN_UNDECLARED_SELECTOR = YES;
				GCC_WARN_UNINITIALIZED_AUTOS = YES_AGGRESSIVE;
				GCC_WARN_UNUSED_FUNCTION = YES;
				GCC_WARN_UNUSED_VARIABLE = YES;
				IPHONEOS_DEPLOYMENT_TARGET = 17.5;
				LOCALIZATION_PREFERS_STRING_CATALOGS = YES;
				MTL_ENABLE_DEBUG_INFO = INCLUDE_SOURCE;
				MTL_FAST_MATH = YES;
				ONLY_ACTIVE_ARCH = YES;
				SDKROOT = iphoneos;
				SWIFT_ACTIVE_COMPILATION_CONDITIONS = "DEBUG $(inherited)";
				SWIFT_OPTIMIZATION_LEVEL = "-Onone";
			};
			name = Debug;
		};
		BFFA247F2C67CDEA007F919E /* Release */ = {
			isa = XCBuildConfiguration;
			buildSettings = {
				ALWAYS_SEARCH_USER_PATHS = NO;
				ASSETCATALOG_COMPILER_GENERATE_SWIFT_ASSET_SYMBOL_EXTENSIONS = YES;
				CLANG_ANALYZER_NONNULL = YES;
				CLANG_ANALYZER_NUMBER_OBJECT_CONVERSION = YES_AGGRESSIVE;
				CLANG_CXX_LANGUAGE_STANDARD = "gnu++20";
				CLANG_ENABLE_MODULES = YES;
				CLANG_ENABLE_OBJC_ARC = YES;
				CLANG_ENABLE_OBJC_WEAK = YES;
				CLANG_WARN_BLOCK_CAPTURE_AUTORELEASING = YES;
				CLANG_WARN_BOOL_CONVERSION = YES;
				CLANG_WARN_COMMA = YES;
				CLANG_WARN_CONSTANT_CONVERSION = YES;
				CLANG_WARN_DEPRECATED_OBJC_IMPLEMENTATIONS = YES;
				CLANG_WARN_DIRECT_OBJC_ISA_USAGE = YES_ERROR;
				CLANG_WARN_DOCUMENTATION_COMMENTS = YES;
				CLANG_WARN_EMPTY_BODY = YES;
				CLANG_WARN_ENUM_CONVERSION = YES;
				CLANG_WARN_INFINITE_RECURSION = YES;
				CLANG_WARN_INT_CONVERSION = YES;
				CLANG_WARN_NON_LITERAL_NULL_CONVERSION = YES;
				CLANG_WARN_OBJC_IMPLICIT_RETAIN_SELF = YES;
				CLANG_WARN_OBJC_LITERAL_CONVERSION = YES;
				CLANG_WARN_OBJC_ROOT_CLASS = YES_ERROR;
				CLANG_WARN_QUOTED_INCLUDE_IN_FRAMEWORK_HEADER = YES;
				CLANG_WARN_RANGE_LOOP_ANALYSIS = YES;
				CLANG_WARN_STRICT_PROTOTYPES = YES;
				CLANG_WARN_SUSPICIOUS_MOVE = YES;
				CLANG_WARN_UNGUARDED_AVAILABILITY = YES_AGGRESSIVE;
				CLANG_WARN_UNREACHABLE_CODE = YES;
				CLANG_WARN__DUPLICATE_METHOD_MATCH = YES;
				COPY_PHASE_STRIP = NO;
				DEBUG_INFORMATION_FORMAT = "dwarf-with-dsym";
				ENABLE_NS_ASSERTIONS = NO;
				ENABLE_STRICT_OBJC_MSGSEND = YES;
				ENABLE_USER_SCRIPT_SANDBOXING = YES;
				GCC_C_LANGUAGE_STANDARD = gnu17;
				GCC_NO_COMMON_BLOCKS = YES;
				GCC_WARN_64_TO_32_BIT_CONVERSION = YES;
				GCC_WARN_ABOUT_RETURN_TYPE = YES_ERROR;
				GCC_WARN_UNDECLARED_SELECTOR = YES;
				GCC_WARN_UNINITIALIZED_AUTOS = YES_AGGRESSIVE;
				GCC_WARN_UNUSED_FUNCTION = YES;
				GCC_WARN_UNUSED_VARIABLE = YES;
				IPHONEOS_DEPLOYMENT_TARGET = 17.5;
				LOCALIZATION_PREFERS_STRING_CATALOGS = YES;
				MTL_ENABLE_DEBUG_INFO = NO;
				MTL_FAST_MATH = YES;
				SDKROOT = iphoneos;
				SWIFT_COMPILATION_MODE = wholemodule;
				VALIDATE_PRODUCT = YES;
			};
			name = Release;
		};
		BFFA24812C67CDEA007F919E /* Debug */ = {
			isa = XCBuildConfiguration;
			baseConfigurationReference = 4E578378617E4F4887D68569 /* Pods-spotify-sub.debug.xcconfig */;
			buildSettings = {
				ASSETCATALOG_COMPILER_APPICON_NAME = AppIcon;
				ASSETCATALOG_COMPILER_GLOBAL_ACCENT_COLOR_NAME = AccentColor;
				CODE_SIGN_STYLE = Automatic;
				CURRENT_PROJECT_VERSION = 1;
				DEVELOPMENT_TEAM = 586C9HZP34;
				ENABLE_USER_SCRIPT_SANDBOXING = NO;
				GENERATE_INFOPLIST_FILE = YES;
				INFOPLIST_FILE = "spotify-sub/Info.plist";
				INFOPLIST_KEY_UIApplicationSupportsIndirectInputEvents = YES;
				INFOPLIST_KEY_UILaunchStoryboardName = LaunchScreen;
				INFOPLIST_KEY_UISupportedInterfaceOrientations_iPad = "UIInterfaceOrientationPortrait UIInterfaceOrientationPortraitUpsideDown UIInterfaceOrientationLandscapeLeft UIInterfaceOrientationLandscapeRight";
				INFOPLIST_KEY_UISupportedInterfaceOrientations_iPhone = "UIInterfaceOrientationPortrait UIInterfaceOrientationLandscapeLeft UIInterfaceOrientationLandscapeRight";
				IPHONEOS_DEPLOYMENT_TARGET = 17.5;
				LD_RUNPATH_SEARCH_PATHS = (
					"$(inherited)",
					"@executable_path/Frameworks",
				);
				MARKETING_VERSION = 1.0;
				PRODUCT_BUNDLE_IDENTIFIER = "SVProjects.spotify-sub";
				PRODUCT_NAME = "$(TARGET_NAME)";
				SWIFT_EMIT_LOC_STRINGS = YES;
				SWIFT_VERSION = 5.0;
				TARGETED_DEVICE_FAMILY = "1,2";
			};
			name = Debug;
		};
		BFFA24822C67CDEA007F919E /* Release */ = {
			isa = XCBuildConfiguration;
			baseConfigurationReference = 2DEA2A5BAFB8C47995E9B006 /* Pods-spotify-sub.release.xcconfig */;
			buildSettings = {
				ASSETCATALOG_COMPILER_APPICON_NAME = AppIcon;
				ASSETCATALOG_COMPILER_GLOBAL_ACCENT_COLOR_NAME = AccentColor;
				CODE_SIGN_STYLE = Automatic;
				CURRENT_PROJECT_VERSION = 1;
				DEVELOPMENT_TEAM = 586C9HZP34;
				ENABLE_USER_SCRIPT_SANDBOXING = NO;
				GENERATE_INFOPLIST_FILE = YES;
				INFOPLIST_FILE = "spotify-sub/Info.plist";
				INFOPLIST_KEY_UIApplicationSupportsIndirectInputEvents = YES;
				INFOPLIST_KEY_UILaunchStoryboardName = LaunchScreen;
				INFOPLIST_KEY_UISupportedInterfaceOrientations_iPad = "UIInterfaceOrientationPortrait UIInterfaceOrientationPortraitUpsideDown UIInterfaceOrientationLandscapeLeft UIInterfaceOrientationLandscapeRight";
				INFOPLIST_KEY_UISupportedInterfaceOrientations_iPhone = "UIInterfaceOrientationPortrait UIInterfaceOrientationLandscapeLeft UIInterfaceOrientationLandscapeRight";
				IPHONEOS_DEPLOYMENT_TARGET = 17.5;
				LD_RUNPATH_SEARCH_PATHS = (
					"$(inherited)",
					"@executable_path/Frameworks",
				);
				MARKETING_VERSION = 1.0;
				PRODUCT_BUNDLE_IDENTIFIER = "SVProjects.spotify-sub";
				PRODUCT_NAME = "$(TARGET_NAME)";
				SWIFT_EMIT_LOC_STRINGS = YES;
				SWIFT_VERSION = 5.0;
				TARGETED_DEVICE_FAMILY = "1,2";
			};
			name = Release;
		};
/* End XCBuildConfiguration section */

/* Begin XCConfigurationList section */
		BFFA24672C67CDE9007F919E /* Build configuration list for PBXProject "spotify-sub" */ = {
			isa = XCConfigurationList;
			buildConfigurations = (
				BFFA247E2C67CDEA007F919E /* Debug */,
				BFFA247F2C67CDEA007F919E /* Release */,
			);
			defaultConfigurationIsVisible = 0;
			defaultConfigurationName = Release;
		};
		BFFA24802C67CDEA007F919E /* Build configuration list for PBXNativeTarget "spotify-sub" */ = {
			isa = XCConfigurationList;
			buildConfigurations = (
				BFFA24812C67CDEA007F919E /* Debug */,
				BFFA24822C67CDEA007F919E /* Release */,
			);
			defaultConfigurationIsVisible = 0;
			defaultConfigurationName = Release;
		};
/* End XCConfigurationList section */
	};
	rootObject = BFFA24642C67CDE9007F919E /* Project object */;
}
